
Microsoft Visual Studio Solution File, Format Version 12.00
# Visual Studio Version 16
VisualStudioVersion = 16.0.30804.86
MinimumVisualStudioVersion = 10.0.40219.1
Project("{FAE04EC0-301F-11D3-BF4B-00C04F79EFBC}") = "Project", "Project\Project.csproj", "{807970EE-E1FD-4C5C-961F-F49E2023E16B}"
EndProject
Global
	GlobalSection(SolutionConfigurationPlatforms) = preSolution
		Debug|Any CPU = Debug|Any CPU
		Release|Any CPU = Release|Any CPU
	EndGlobalSection
	GlobalSection(ProjectConfigurationPlatforms) = postSolution
		{807970EE-E1FD-4C5C-961F-F49E2023E16B}.Debug|Any CPU.ActiveCfg = Debug|Any CPU
		{807970EE-E1FD-4C5C-961F-F49E2023E16B}.Debug|Any CPU.Build.0 = Debug|Any CPU
		{807970EE-E1FD-4C5C-961F-F49E2023E16B}.Release|Any CPU.ActiveCfg = Release|Any CPU
		{807970EE-E1FD-4C5C-961F-F49E2023E16B}.Release|Any CPU.Build.0 = Release|Any CPU
	EndGlobalSection
	GlobalSection(SolutionProperties) = preSolution
		HideSolutionNode = FALSE
	EndGlobalSection
	GlobalSection(ExtensibilityGlobals) = postSolution
		SolutionGuid = {B36A30CD-AA58-433A-853B-BFB813AAF0B2}
	EndGlobalSection
EndGlobal
